Microsoft Visual Studio Solution File, Format Version 11.00
# Visual Studio 2008

Project("{C5AC202B-3956-E32E-3557-511D0CB70AD1}") = "DefaultPlatformer", "Assembly-CSharp-firstpass.csproj", "{C1A56900-0788-442F-EFC9-90FA8CD6834D}"
EndProject
Project("{C5AC202B-3956-E32E-3557-511D0CB70AD1}") = "DefaultPlatformer", "Assembly-CSharp.csproj", "{1B1723BA-A83B-7E8D-9CF4-3DB30E8797D9}"
EndProject
Project("{C5AC202B-3956-E32E-3557-511D0CB70AD1}") = "DefaultPlatformer", "Assembly-CSharp-Editor.csproj", "{D14CD0C2-36A1-7A44-C980-C949D560D846}"
EndProject
Global
	GlobalSection(SolutionConfigurationPlatforms) = preSolution
		Debug|Any CPU = Debug|Any CPU
		Release|Any CPU = Release|Any CPU
	EndGlobalSection
	GlobalSection(ProjectConfigurationPlatforms) = postSolution
		{C1A56900-0788-442F-EFC9-90FA8CD6834D}.Debug|Any CPU.ActiveCfg = Debug|Any CPU
		{C1A56900-0788-442F-EFC9-90FA8CD6834D}.Debug|Any CPU.Build.0 = Debug|Any CPU
		{C1A56900-0788-442F-EFC9-90FA8CD6834D}.Release|Any CPU.ActiveCfg = Release|Any CPU
		{C1A56900-0788-442F-EFC9-90FA8CD6834D}.Release|Any CPU.Build.0 = Release|Any CPU
		{1B1723BA-A83B-7E8D-9CF4-3DB30E8797D9}.Debug|Any CPU.ActiveCfg = Debug|Any CPU
		{1B1723BA-A83B-7E8D-9CF4-3DB30E8797D9}.Debug|Any CPU.Build.0 = Debug|Any CPU
		{1B1723BA-A83B-7E8D-9CF4-3DB30E8797D9}.Release|Any CPU.ActiveCfg = Release|Any CPU
		{1B1723BA-A83B-7E8D-9CF4-3DB30E8797D9}.Release|Any CPU.Build.0 = Release|Any CPU
		{D14CD0C2-36A1-7A44-C980-C949D560D846}.Debug|Any CPU.ActiveCfg = Debug|Any CPU
		{D14CD0C2-36A1-7A44-C980-C949D560D846}.Debug|Any CPU.Build.0 = Debug|Any CPU
		{D14CD0C2-36A1-7A44-C980-C949D560D846}.Release|Any CPU.ActiveCfg = Release|Any CPU
		{D14CD0C2-36A1-7A44-C980-C949D560D846}.Release|Any CPU.Build.0 = Release|Any CPU
	EndGlobalSection
	GlobalSection(SolutionProperties) = preSolution
		HideSolutionNode = FALSE
	EndGlobalSection
	GlobalSection(MonoDevelopProperties) = preSolution
		StartupItem = Assembly-CSharp.csproj
	EndGlobalSection
EndGlobal
